// !$*UTF8*$!
{
	archiveVersion = 1;
	classes = {
	};
	objectVersion = 56;
	objects = {

/* Begin PBXBuildFile section */
		5FE9442F29771F06002C5085 /* LogInAppWithSwiftUIApp.swift in Sources */ = {isa = PBXBuildFile; fileRef = 5FE9442E29771F06002C5085 /* LogInAppWithSwiftUIApp.swift */; };
		5FE9443129771F06002C5085 /* ContentView.swift in Sources */ = {isa = PBXBuildFile; fileRef = 5FE9443029771F06002C5085 /* ContentView.swift */; };
		5FE9443329771F07002C5085 /* Assets.xcassets in Resources */ = {isa = PBXBuildFile; fileRef = 5FE9443229771F07002C5085 /* Assets.xcassets */; };
		5FE9443629771F07002C5085 /* Preview Assets.xcassets in Resources */ = {isa = PBXBuildFile; fileRef = 5FE9443529771F07002C5085 /* Preview Assets.xcassets */; };
		5FE9443D297720EE002C5085 /* RegisterView.swift in Sources */ = {isa = PBXBuildFile; fileRef = 5FE9443C297720EE002C5085 /* RegisterView.swift */; };
		5FE9443F297721B8002C5085 /* StarterView.swift in Sources */ = {isa = PBXBuildFile; fileRef = 5FE9443E297721B8002C5085 /* StarterView.swift */; };
		5FE9444329772237002C5085 /* UserManager.swift in Sources */ = {isa = PBXBuildFile; fileRef = 5FE9444229772237002C5085 /* UserManager.swift */; };
		5FE9444529772271002C5085 /* TimeCounter.swift in Sources */ = {isa = PBXBuildFile; fileRef = 5FE9444429772271002C5085 /* TimeCounter.swift */; };
		5FE9444929781357002C5085 /* StorageManager.swift in Sources */ = {isa = PBXBuildFile; fileRef = 5FE9444829781357002C5085 /* StorageManager.swift */; };
		5FE9444B297815DD002C5085 /* Test.swift in Sources */ = {isa = PBXBuildFile; fileRef = 5FE9444A297815DD002C5085 /* Test.swift */; };
/* End PBXBuildFile section */

/* Begin PBXFileReference section */
		5FE9442B29771F06002C5085 /* LogInAppWithSwiftUI.app */ = {isa = PBXFileReference; explicitFileType = wrapper.application; includeInIndex = 0; path = LogInAppWithSwiftUI.app; sourceTree = BUILT_PRODUCTS_DIR; };
		5FE9442E29771F06002C5085 /* LogInAppWithSwiftUIApp.swift */ = {isa = PBXFileReference; lastKnownFileType = sourcecode.swift; path = LogInAppWithSwiftUIApp.swift; sourceTree = "<group>"; };
		5FE9443029771F06002C5085 /* ContentView.swift */ = {isa = PBXFileReference; lastKnownFileType = sourcecode.swift; path = ContentView.swift; sourceTree = "<group>"; };
		5FE9443229771F07002C5085 /* Assets.xcassets */ = {isa = PBXFileReference; lastKnownFileType = folder.assetcatalog; path = Assets.xcassets; sourceTree = "<group>"; };
		5FE9443529771F07002C5085 /* Preview Assets.xcassets */ = {isa = PBXFileReference; lastKnownFileType = folder.assetcatalog; path = "Preview Assets.xcassets"; sourceTree = "<group>"; };
		5FE9443C297720EE002C5085 /* RegisterView.swift */ = {isa = PBXFileReference; lastKnownFileType = sourcecode.swift; path = RegisterView.swift; sourceTree = "<group>"; };
		5FE9443E297721B8002C5085 /* StarterView.swift */ = {isa = PBXFileReference; lastKnownFileType = sourcecode.swift; path = StarterView.swift; sourceTree = "<group>"; };
		5FE9444229772237002C5085 /* UserManager.swift */ = {isa = PBXFileReference; lastKnownFileType = sourcecode.swift; path = UserManager.swift; sourceTree = "<group>"; };
		5FE9444429772271002C5085 /* TimeCounter.swift */ = {isa = PBXFileReference; lastKnownFileType = sourcecode.swift; path = TimeCounter.swift; sourceTree = "<group>"; };
		5FE9444829781357002C5085 /* StorageManager.swift */ = {isa = PBXFileReference; lastKnownFileType = sourcecode.swift; path = StorageManager.swift; sourceTree = "<group>"; };
		5FE9444A297815DD002C5085 /* Test.swift */ = {isa = PBXFileReference; lastKnownFileType = sourcecode.swift; path = Test.swift; sourceTree = "<group>"; };
/* End PBXFileReference section */

/* Begin PBXFrameworksBuildPhase section */
		5FE9442829771F06002C5085 /* Frameworks */ = {
			isa = PBXFrameworksBuildPhase;
			buildActionMask = 2147483647;
			files = (
			);
			runOnlyForDeploymentPostprocessing = 0;
		};
/* End PBXFrameworksBuildPhase section */

/* Begin PBXGroup section */
		5FE9442229771F06002C5085 = {
			isa = PBXGroup;
			children = (
				5FE9442D29771F06002C5085 /* LogInAppWithSwiftUI */,
				5FE9442C29771F06002C5085 /* Products */,
			);
			sourceTree = "<group>";
		};
		5FE9442C29771F06002C5085 /* Products */ = {
			isa = PBXGroup;
			children = (
				5FE9442B29771F06002C5085 /* LogInAppWithSwiftUI.app */,
			);
			name = Products;
			sourceTree = "<group>";
		};
		5FE9442D29771F06002C5085 /* LogInAppWithSwiftUI */ = {
			isa = PBXGroup;
			children = (
				5FE9442E29771F06002C5085 /* LogInAppWithSwiftUIApp.swift */,
				5FE9443029771F06002C5085 /* ContentView.swift */,
				5FE9443C297720EE002C5085 /* RegisterView.swift */,
				5FE9444829781357002C5085 /* StorageManager.swift */,
				5FE9443E297721B8002C5085 /* StarterView.swift */,
				5FE9444229772237002C5085 /* UserManager.swift */,
				5FE9444429772271002C5085 /* TimeCounter.swift */,
				5FE9444A297815DD002C5085 /* Test.swift */,
				5FE9443229771F07002C5085 /* Assets.xcassets */,
				5FE9443429771F07002C5085 /* Preview Content */,
			);
			path = LogInAppWithSwiftUI;
			sourceTree = "<group>";
		};
		5FE9443429771F07002C5085 /* Preview Content */ = {
			isa = PBXGroup;
			children = (
				5FE9443529771F07002C5085 /* Preview Assets.xcassets */,
			);
			path = "Preview Content";
			sourceTree = "<group>";
		};
/* End PBXGroup section */

/* Begin PBXNativeTarget section */
		5FE9442A29771F06002C5085 /* LogInAppWithSwiftUI */ = {
			isa = PBXNativeTarget;
			buildConfigurationList = 5FE9443929771F07002C5085 /* Build configuration list for PBXNativeTarget "LogInAppWithSwiftUI" */;
			buildPhases = (
				5FE9442729771F06002C5085 /* Sources */,
				5FE9442829771F06002C5085 /* Frameworks */,
				5FE9442929771F06002C5085 /* Resources */,
			);
			buildRules = (
			);
			dependencies = (
			);
			name = LogInAppWithSwiftUI;
			productName = LogInAppWithSwiftUI;
			productReference = 5FE9442B29771F06002C5085 /* LogInAppWithSwiftUI.app */;
			productType = "com.apple.product-type.application";
		};
/* End PBXNativeTarget section */

/* Begin PBXProject section */
		5FE9442329771F06002C5085 /* Project object */ = {
			isa = PBXProject;
			attributes = {
				BuildIndependentTargetsInParallel = 1;
				LastSwiftUpdateCheck = 1420;
				LastUpgradeCheck = 1420;
				TargetAttributes = {
					5FE9442A29771F06002C5085 = {
						CreatedOnToolsVersion = 14.2;
					};
				};
			};
			buildConfigurationList = 5FE9442629771F06002C5085 /* Build configuration list for PBXProject "LogInAppWithSwiftUI" */;
			compatibilityVersion = "Xcode 14.0";
			developmentRegion = en;
			hasScannedForEncodings = 0;
			knownRegions = (
				en,
				Base,
			);
			mainGroup = 5FE9442229771F06002C5085;
			productRefGroup = 5FE9442C29771F06002C5085 /* Products */;
			projectDirPath = "";
			projectRoot = "";
			targets = (
				5FE9442A29771F06002C5085 /* LogInAppWithSwiftUI */,
			);
		};
/* End PBXProject section */

/* Begin PBXResourcesBuildPhase section */
		5FE9442929771F06002C5085 /* Resources */ = {
			isa = PBXResourcesBuildPhase;
			buildActionMask = 2147483647;
			files = (
				5FE9443629771F07002C5085 /* Preview Assets.xcassets in Resources */,
				5FE9443329771F07002C5085 /* Assets.xcassets in Resources */,
			);
			runOnlyForDeploymentPostprocessing = 0;
		};
/* End PBXResourcesBuildPhase section */

/* Begin PBXSourcesBuildPhase section */
		5FE9442729771F06002C5085 /* Sources */ = {
			isa = PBXSourcesBuildPhase;
			buildActionMask = 2147483647;
			files = (
				5FE9443F297721B8002C5085 /* StarterView.swift in Sources */,
				5FE9443D297720EE002C5085 /* RegisterView.swift in Sources */,
				5FE9443129771F06002C5085 /* ContentView.swift in Sources */,
				5FE9444929781357002C5085 /* StorageManager.swift in Sources */,
				5FE9444529772271002C5085 /* TimeCounter.swift in Sources */,
				5FE9444B297815DD002C5085 /* Test.swift in Sources */,
				5FE9444329772237002C5085 /* UserManager.swift in Sources */,
				5FE9442F29771F06002C5085 /* LogInAppWithSwiftUIApp.swift in Sources */,
			);
			runOnlyForDeploymentPostprocessing = 0;
		};
/* End PBXSourcesBuildPhase section */

/* Begin XCBuildConfiguration section */
		5FE9443729771F07002C5085 /* Debug */ = {
			isa = XCBuildConfiguration;
			buildSettings = {
				ALWAYS_SEARCH_USER_PATHS = NO;
				CLANG_ANALYZER_NONNULL = YES;
				CLANG_ANALYZER_NUMBER_OBJECT_CONVERSION = YES_AGGRESSIVE;
				CLANG_CXX_LANGUAGE_STANDARD = "gnu++20";
				CLANG_ENABLE_MODULES = YES;
				CLANG_ENABLE_OBJC_ARC = YES;
				CLANG_ENABLE_OBJC_WEAK = YES;
				CLANG_WARN_BLOCK_CAPTURE_AUTORELEASING = YES;
				CLANG_WARN_BOOL_CONVERSION = YES;
				CLANG_WARN_COMMA = YES;
				CLANG_WARN_CONSTANT_CONVERSION = YES;
				CLANG_WARN_DEPRECATED_OBJC_IMPLEMENTATIONS = YES;
				CLANG_WARN_DIRECT_OBJC_ISA_USAGE = YES_ERROR;
				CLANG_WARN_DOCUMENTATION_COMMENTS = YES;
				CLANG_WARN_EMPTY_BODY = YES;
				CLANG_WARN_ENUM_CONVERSION = YES;
				CLANG_WARN_INFINITE_RECURSION = YES;
				CLANG_WARN_INT_CONVERSION = YES;
				CLANG_WARN_NON_LITERAL_NULL_CONVERSION = YES;
				CLANG_WARN_OBJC_IMPLICIT_RETAIN_SELF = YES;
				CLANG_WARN_OBJC_LITERAL_CONVERSION = YES;
				CLANG_WARN_OBJC_ROOT_CLASS = YES_ERROR;
				CLANG_WARN_QUOTED_INCLUDE_IN_FRAMEWORK_HEADER = YES;
				CLANG_WARN_RANGE_LOOP_ANALYSIS = YES;
				CLANG_WARN_STRICT_PROTOTYPES = YES;
				CLANG_WARN_SUSPICIOUS_MOVE = YES;
				CLANG_WARN_UNGUARDED_AVAILABILITY = YES_AGGRESSIVE;
				CLANG_WARN_UNREACHABLE_CODE = YES;
				CLANG_WARN__DUPLICATE_METHOD_MATCH = YES;
				COPY_PHASE_STRIP = NO;
				DEBUG_INFORMATION_FORMAT = dwarf;
				ENABLE_STRICT_OBJC_MSGSEND = YES;
				ENABLE_TESTABILITY = YES;
				GCC_C_LANGUAGE_STANDARD = gnu11;
				GCC_DYNAMIC_NO_PIC = NO;
				GCC_NO_COMMON_BLOCKS = YES;
				GCC_OPTIMIZATION_LEVEL = 0;
				GCC_PREPROCESSOR_DEFINITIONS = (
					"DEBUG=1",
					"$(inherited)",
				);
				GCC_WARN_64_TO_32_BIT_CONVERSION = YES;
				GCC_WARN_ABOUT_RETURN_TYPE = YES_ERROR;
				GCC_WARN_UNDECLARED_SELECTOR = YES;
				GCC_WARN_UNINITIALIZED_AUTOS = YES_AGGRESSIVE;
				GCC_WARN_UNUSED_FUNCTION = YES;
				GCC_WARN_UNUSED_VARIABLE = YES;
				IPHONEOS_DEPLOYMENT_TARGET = 16.2;
				MTL_ENABLE_DEBUG_INFO = INCLUDE_SOURCE;
				MTL_FAST_MATH = YES;
				ONLY_ACTIVE_ARCH = YES;
				SDKROOT = iphoneos;
				SWIFT_ACTIVE_COMPILATION_CONDITIONS = DEBUG;
				SWIFT_OPTIMIZATION_LEVEL = "-Onone";
			};
			name = Debug;
		};
		5FE9443829771F07002C5085 /* Release */ = {
			isa = XCBuildConfiguration;
			buildSettings = {
				ALWAYS_SEARCH_USER_PATHS = NO;
				CLANG_ANALYZER_NONNULL = YES;
				CLANG_ANALYZER_NUMBER_OBJECT_CONVERSION = YES_AGGRESSIVE;
				CLANG_CXX_LANGUAGE_STANDARD = "gnu++20";
				CLANG_ENABLE_MODULES = YES;
				CLANG_ENABLE_OBJC_ARC = YES;
				CLANG_ENABLE_OBJC_WEAK = YES;
				CLANG_WARN_BLOCK_CAPTURE_AUTORELEASING = YES;
				CLANG_WARN_BOOL_CONVERSION = YES;
				CLANG_WARN_COMMA = YES;
				CLANG_WARN_CONSTANT_CONVERSION = YES;
				CLANG_WARN_DEPRECATED_OBJC_IMPLEMENTATIONS = YES;
				CLANG_WARN_DIRECT_OBJC_ISA_USAGE = YES_ERROR;
				CLANG_WARN_DOCUMENTATION_COMMENTS = YES;
				CLANG_WARN_EMPTY_BODY = YES;
				CLANG_WARN_ENUM_CONVERSION = YES;
				CLANG_WARN_INFINITE_RECURSION = YES;
				CLANG_WARN_INT_CONVERSION = YES;
				CLANG_WARN_NON_LITERAL_NULL_CONVERSION = YES;
				CLANG_WARN_OBJC_IMPLICIT_RETAIN_SELF = YES;
				CLANG_WARN_OBJC_LITERAL_CONVERSION = YES;
				CLANG_WARN_OBJC_ROOT_CLASS = YES_ERROR;
				CLANG_WARN_QUOTED_INCLUDE_IN_FRAMEWORK_HEADER = YES;
				CLANG_WARN_RANGE_LOOP_ANALYSIS = YES;
				CLANG_WARN_STRICT_PROTOTYPES = YES;
				CLANG_WARN_SUSPICIOUS_MOVE = YES;
				CLANG_WARN_UNGUARDED_AVAILABILITY = YES_AGGRESSIVE;
				CLANG_WARN_UNREACHABLE_CODE = YES;
				CLANG_WARN__DUPLICATE_METHOD_MATCH = YES;
				COPY_PHASE_STRIP = NO;
				DEBUG_INFORMATION_FORMAT = "dwarf-with-dsym";
				ENABLE_NS_ASSERTIONS = NO;
				ENABLE_STRICT_OBJC_MSGSEND = YES;
				GCC_C_LANGUAGE_STANDARD = gnu11;
				GCC_NO_COMMON_BLOCKS = YES;
				GCC_WARN_64_TO_32_BIT_CONVERSION = YES;
				GCC_WARN_ABOUT_RETURN_TYPE = YES_ERROR;
				GCC_WARN_UNDECLARED_SELECTOR = YES;
				GCC_WARN_UNINITIALIZED_AUTOS = YES_AGGRESSIVE;
				GCC_WARN_UNUSED_FUNCTION = YES;
				GCC_WARN_UNUSED_VARIABLE = YES;
				IPHONEOS_DEPLOYMENT_TARGET = 16.2;
				MTL_ENABLE_DEBUG_INFO = NO;
				MTL_FAST_MATH = YES;
				SDKROOT = iphoneos;
				SWIFT_COMPILATION_MODE = wholemodule;
				SWIFT_OPTIMIZATION_LEVEL = "-O";
				VALIDATE_PRODUCT = YES;
			};
			name = Release;
		};
		5FE9443A29771F07002C5085 /* Debug */ = {
			isa = XCBuildConfiguration;
			buildSettings = {
				ASSETCATALOG_COMPILER_APPICON_NAME = AppIcon;
				ASSETCATALOG_COMPILER_GLOBAL_ACCENT_COLOR_NAME = AccentColor;
				CODE_SIGN_STYLE = Automatic;
				CURRENT_PROJECT_VERSION = 1;
				DEVELOPMENT_ASSET_PATHS = "\"LogInAppWithSwiftUI/Preview Content\"";
				DEVELOPMENT_TEAM = 4RJ3J5RA5L;
				ENABLE_PREVIEWS = YES;
				GENERATE_INFOPLIST_FILE = YES;
				INFOPLIST_KEY_UIApplicationSceneManifest_Generation = YES;
				INFOPLIST_KEY_UIApplicationSupportsIndirectInputEvents = YES;
				INFOPLIST_KEY_UILaunchScreen_Generation = YES;
				INFOPLIST_KEY_UISupportedInterfaceOrientations_iPad = "UIInterfaceOrientationPortrait UIInterfaceOrientationPortraitUpsideDown UIInterfaceOrientationLandscapeLeft UIInterfaceOrientationLandscapeRight";
				INFOPLIST_KEY_UISupportedInterfaceOrientations_iPhone = "UIInterfaceOrientationPortrait UIInterfaceOrientationLandscapeLeft UIInterfaceOrientationLandscapeRight";
				LD_RUNPATH_SEARCH_PATHS = (
					"$(inherited)",
					"@executable_path/Frameworks",
				);
				MARKETING_VERSION = 1.0;
				PRODUCT_BUNDLE_IDENTIFIER = com.alishermalikov.LogInAppWithSwiftUI;
				PRODUCT_NAME = "$(TARGET_NAME)";
				SWIFT_EMIT_LOC_STRINGS = YES;
				SWIFT_VERSION = 5.0;
				TARGETED_DEVICE_FAMILY = "1,2";
			};
			name = Debug;
		};
		5FE9443B29771F07002C5085 /* Release */ = {
			isa = XCBuildConfiguration;
			buildSettings = {
				ASSETCATALOG_COMPILER_APPICON_NAME = AppIcon;
				ASSETCATALOG_COMPILER_GLOBAL_ACCENT_COLOR_NAME = AccentColor;
				CODE_SIGN_STYLE = Automatic;
				CURRENT_PROJECT_VERSION = 1;
				DEVELOPMENT_ASSET_PATHS = "\"LogInAppWithSwiftUI/Preview Content\"";
				DEVELOPMENT_TEAM = 4RJ3J5RA5L;
				ENABLE_PREVIEWS = YES;
				GENERATE_INFOPLIST_FILE = YES;
				INFOPLIST_KEY_UIApplicationSceneManifest_Generation = YES;
				INFOPLIST_KEY_UIApplicationSupportsIndirectInputEvents = YES;
				INFOPLIST_KEY_UILaunchScreen_Generation = YES;
				INFOPLIST_KEY_UISupportedInterfaceOrientations_iPad = "UIInterfaceOrientationPortrait UIInterfaceOrientationPortraitUpsideDown UIInterfaceOrientationLandscapeLeft UIInterfaceOrientationLandscapeRight";
				INFOPLIST_KEY_UISupportedInterfaceOrientations_iPhone = "UIInterfaceOrientationPortrait UIInterfaceOrientationLandscapeLeft UIInterfaceOrientationLandscapeRight";
				LD_RUNPATH_SEARCH_PATHS = (
					"$(inherited)",
					"@executable_path/Frameworks",
				);
				MARKETING_VERSION = 1.0;
				PRODUCT_BUNDLE_IDENTIFIER = com.alishermalikov.LogInAppWithSwiftUI;
				PRODUCT_NAME = "$(TARGET_NAME)";
				SWIFT_EMIT_LOC_STRINGS = YES;
				SWIFT_VERSION = 5.0;
				TARGETED_DEVICE_FAMILY = "1,2";
			};
			name = Release;
		};
/* End XCBuildConfiguration section */

/* Begin XCConfigurationList section */
		5FE9442629771F06002C5085 /* Build configuration list for PBXProject "LogInAppWithSwiftUI" */ = {
			isa = XCConfigurationList;
			buildConfigurations = (
				5FE9443729771F07002C5085 /* Debug */,
				5FE9443829771F07002C5085 /* Release */,
			);
			defaultConfigurationIsVisible = 0;
			defaultConfigurationName = Release;
		};
		5FE9443929771F07002C5085 /* Build configuration list for PBXNativeTarget "LogInAppWithSwiftUI" */ = {
			isa = XCConfigurationList;
			buildConfigurations = (
				5FE9443A29771F07002C5085 /* Debug */,
				5FE9443B29771F07002C5085 /* Release */,
			);
			defaultConfigurationIsVisible = 0;
			defaultConfigurationName = Release;
		};
/* End XCConfigurationList section */
	};
	rootObject = 5FE9442329771F06002C5085 /* Project object */;
}
